
Microsoft Visual Studio Solution File, Format Version 12.00
# Visual Studio Version 16
VisualStudioVersion = 25.0.1706.7
MinimumVisualStudioVersion = 10.0.40219.1
Project("{FAE04EC0-301F-11D3-BF4B-00C04F79EFBC}") = "DesignPatternsLearnign", "DesignPatternsLearnign.csproj", "{B884D65F-9984-4DE4-B80F-6764F4BA63DA}"
EndProject
Global
	GlobalSection(SolutionConfigurationPlatforms) = preSolution
		Debug|Any CPU = Debug|Any CPU
		Release|Any CPU = Release|Any CPU
	EndGlobalSection
	GlobalSection(ProjectConfigurationPlatforms) = postSolution
		{B884D65F-9984-4DE4-B80F-6764F4BA63DA}.Debug|Any CPU.ActiveCfg = Debug|Any CPU
		{B884D65F-9984-4DE4-B80F-6764F4BA63DA}.Debug|Any CPU.Build.0 = Debug|Any CPU
		{B884D65F-9984-4DE4-B80F-6764F4BA63DA}.Release|Any CPU.ActiveCfg = Release|Any CPU
		{B884D65F-9984-4DE4-B80F-6764F4BA63DA}.Release|Any CPU.Build.0 = Release|Any CPU
	EndGlobalSection
	GlobalSection(SolutionProperties) = preSolution
		HideSolutionNode = FALSE
	EndGlobalSection
	GlobalSection(ExtensibilityGlobals) = postSolution
		SolutionGuid = {D2965F2E-2FF3-4472-9A40-84ADB7493949}
	EndGlobalSection
EndGlobal
